{
  "version": 4,
  "terraform_version": "0.13.5",
  "serial": 42,
  "lineage": "23fa4b89-6ae3-a6b6-7ebb-7593d9460ce0",
  "outputs": {
    "people": {
      "value": 98,
      "type": "number"
    }
  },
  "resources": [
    {
      "mode": "data",
      "type": "google_organization",
      "name": "default",
      "provider": "provider[\"registry.terraform.io/hashicorp/google\"]",
      "instances": [
        {
          "schema_version": 0,
          "attributes": {
            "create_time": "2020-06-20T17:25:49.546Z",
            "directory_customer_id": "C025u3fke",
            "domain": "elsersmusings.com",
            "id": "organizations/695029235726",
            "lifecycle_state": "ACTIVE",
            "name": "organizations/695029235726",
            "org_id": "695029235726",
            "organization": null
          }
        }
      ]
    },
    {
      "mode": "managed",
      "type": "google_folder",
      "name": "environments",
      "provider": "provider[\"registry.terraform.io/hashicorp/google\"]",
      "instances": [
        {
          "index_key": "dev",
          "schema_version": 0,
          "attributes": {
            "create_time": "2020-11-17T23:47:04.719Z",
            "display_name": "StringBuilder1",
            "folder_id": "916500503088",
            "id": "folders/916500503088",
            "lifecycle_state": "ACTIVE",
            "name": "folders/916500503088",
            "parent": "organizations/695029235726",
            "timeouts": null
          },
          "private": "eyJlMmJmYjczMC1lY2FhLTExZTYtOGY4OC0zNDM2M2JjN2M0YzAiOnsiY3JlYXRlIjoyNDAwMDAwMDAwMDAsImRlbGV0ZSI6MjQwMDAwMDAwMDAwLCJyZWFkIjoyNDAwMDAwMDAwMDAsInVwZGF0ZSI6MjQwMDAwMDAwMDAwfX0=",
          "dependencies": [
            "data.google_organization.default"
          ]
        },
        {
          "index_key": "prod",
          "schema_version": 0,
          "attributes": {
            "create_time": "2020-11-17T23:47:01.765Z",
            "display_name": "StringBuilder3",
            "folder_id": "693432097992",
            "id": "folders/693432097992",
            "lifecycle_state": "ACTIVE",
            "name": "folders/693432097992",
            "parent": "organizations/695029235726",
            "timeouts": null
          },
          "private": "eyJlMmJmYjczMC1lY2FhLTExZTYtOGY4OC0zNDM2M2JjN2M0YzAiOnsiY3JlYXRlIjoyNDAwMDAwMDAwMDAsImRlbGV0ZSI6MjQwMDAwMDAwMDAwLCJyZWFkIjoyNDAwMDAwMDAwMDAsInVwZGF0ZSI6MjQwMDAwMDAwMDAwfX0=",
          "dependencies": [
            "data.google_organization.default"
          ]
        },
        {
          "index_key": "qa",
          "schema_version": 0,
          "attributes": {
            "create_time": "2020-11-17T23:47:01.710Z",
            "display_name": "StringBuilder2",
            "folder_id": "306013286808",
            "id": "folders/306013286808",
            "lifecycle_state": "ACTIVE",
            "name": "folders/306013286808",
            "parent": "organizations/695029235726",
            "timeouts": null
          },
          "private": "eyJlMmJmYjczMC1lY2FhLTExZTYtOGY4OC0zNDM2M2JjN2M0YzAiOnsiY3JlYXRlIjoyNDAwMDAwMDAwMDAsImRlbGV0ZSI6MjQwMDAwMDAwMDAwLCJyZWFkIjoyNDAwMDAwMDAwMDAsInVwZGF0ZSI6MjQwMDAwMDAwMDAwfX0=",
          "dependencies": [
            "data.google_organization.default"
          ]
        },
        {
          "index_key": "rnd",
          "schema_version": 0,
          "attributes": {
            "create_time": "2020-11-17T23:47:02.874Z",
            "display_name": "StringBuilder4",
            "folder_id": "668474237806",
            "id": "folders/668474237806",
            "lifecycle_state": "ACTIVE",
            "name": "folders/668474237806",
            "parent": "organizations/695029235726",
            "timeouts": null
          },
          "private": "eyJlMmJmYjczMC1lY2FhLTExZTYtOGY4OC0zNDM2M2JjN2M0YzAiOnsiY3JlYXRlIjoyNDAwMDAwMDAwMDAsImRlbGV0ZSI6MjQwMDAwMDAwMDAwLCJyZWFkIjoyNDAwMDAwMDAwMDAsInVwZGF0ZSI6MjQwMDAwMDAwMDAwfX0=",
          "dependencies": [
            "data.google_organization.default"
          ]
        }
      ]
    },
    {
      "mode": "managed",
      "type": "google_folder",
      "name": "environments-2",
      "provider": "provider[\"registry.terraform.io/hashicorp/google\"]",
      "instances": [
        {
          "index_key": 0,
          "schema_version": 0,
          "attributes": {
            "create_time": "2020-11-17T23:46:59.633Z",
            "display_name": "StringinterpolationsForLoop0",
            "folder_id": "173271752307",
            "id": "folders/173271752307",
            "lifecycle_state": "ACTIVE",
            "name": "folders/173271752307",
            "parent": "organizations/695029235726",
            "timeouts": null
          },
          "private": "eyJlMmJmYjczMC1lY2FhLTExZTYtOGY4OC0zNDM2M2JjN2M0YzAiOnsiY3JlYXRlIjoyNDAwMDAwMDAwMDAsImRlbGV0ZSI6MjQwMDAwMDAwMDAwLCJyZWFkIjoyNDAwMDAwMDAwMDAsInVwZGF0ZSI6MjQwMDAwMDAwMDAwfX0=",
          "dependencies": [
            "data.google_organization.default"
          ]
        },
        {
          "index_key": 1,
          "schema_version": 0,
          "attributes": {
            "create_time": "2020-11-17T23:47:02.728Z",
            "display_name": "StringinterpolationsForLoop1",
            "folder_id": "816383395507",
            "id": "folders/816383395507",
            "lifecycle_state": "ACTIVE",
            "name": "folders/816383395507",
            "parent": "organizations/695029235726",
            "timeouts": null
          },
          "private": "eyJlMmJmYjczMC1lY2FhLTExZTYtOGY4OC0zNDM2M2JjN2M0YzAiOnsiY3JlYXRlIjoyNDAwMDAwMDAwMDAsImRlbGV0ZSI6MjQwMDAwMDAwMDAwLCJyZWFkIjoyNDAwMDAwMDAwMDAsInVwZGF0ZSI6MjQwMDAwMDAwMDAwfX0=",
          "dependencies": [
            "data.google_organization.default"
          ]
        },
        {
          "index_key": 2,
          "schema_version": 0,
          "attributes": {
            "create_time": "2020-11-17T23:47:04.719Z",
            "display_name": "StringinterpolationsForLoop2",
            "folder_id": "1007336945195",
            "id": "folders/1007336945195",
            "lifecycle_state": "ACTIVE",
            "name": "folders/1007336945195",
            "parent": "organizations/695029235726",
            "timeouts": null
          },
          "private": "eyJlMmJmYjczMC1lY2FhLTExZTYtOGY4OC0zNDM2M2JjN2M0YzAiOnsiY3JlYXRlIjoyNDAwMDAwMDAwMDAsImRlbGV0ZSI6MjQwMDAwMDAwMDAwLCJyZWFkIjoyNDAwMDAwMDAwMDAsInVwZGF0ZSI6MjQwMDAwMDAwMDAwfX0=",
          "dependencies": [
            "data.google_organization.default"
          ]
        },
        {
          "index_key": 3,
          "schema_version": 0,
          "attributes": {
            "create_time": "2020-11-17T23:46:59.685Z",
            "display_name": "StringinterpolationsForLoop3",
            "folder_id": "194300124896",
            "id": "folders/194300124896",
            "lifecycle_state": "ACTIVE",
            "name": "folders/194300124896",
            "parent": "organizations/695029235726",
            "timeouts": null
          },
          "private": "eyJlMmJmYjczMC1lY2FhLTExZTYtOGY4OC0zNDM2M2JjN2M0YzAiOnsiY3JlYXRlIjoyNDAwMDAwMDAwMDAsImRlbGV0ZSI6MjQwMDAwMDAwMDAwLCJyZWFkIjoyNDAwMDAwMDAwMDAsInVwZGF0ZSI6MjQwMDAwMDAwMDAwfX0=",
          "dependencies": [
            "data.google_organization.default"
          ]
        }
      ]
    }
  ]
}
